
Microsoft Visual Studio Solution File, Format Version 12.00
# Visual Studio Version 17
VisualStudioVersion = 17.10.35013.160
MinimumVisualStudioVersion = 10.0.40219.1
Project("{FAE04EC0-301F-11D3-BF4B-00C04F79EFBC}") = "Dev.Pro", "Dev.Pro\Dev.Pro.csproj", "{92672092-9CB0-4E88-8370-259D460E3CA0}"
EndProject
Project("{FAE04EC0-301F-11D3-BF4B-00C04F79EFBC}") = "taskTests", "taskTests\taskTests.csproj", "{780C07D3-496B-419E-9397-C93619AA0531}"
EndProject
Project("{2150E333-8FDC-42A3-9474-1A3956D46DE8}") = "Solution Items", "Solution Items", "{18FB4434-33F9-4DCE-AF75-8E6EE15584FB}"
	ProjectSection(SolutionItems) = preProject
		README.md.txt = README.md.txt
	EndProjectSection
EndProject
Global
	GlobalSection(SolutionConfigurationPlatforms) = preSolution
		Debug|Any CPU = Debug|Any CPU
		Release|Any CPU = Release|Any CPU
	EndGlobalSection
	GlobalSection(ProjectConfigurationPlatforms) = postSolution
		{92672092-9CB0-4E88-8370-259D460E3CA0}.Debug|Any CPU.ActiveCfg = Debug|Any CPU
		{92672092-9CB0-4E88-8370-259D460E3CA0}.Debug|Any CPU.Build.0 = Debug|Any CPU
		{92672092-9CB0-4E88-8370-259D460E3CA0}.Release|Any CPU.ActiveCfg = Release|Any CPU
		{92672092-9CB0-4E88-8370-259D460E3CA0}.Release|Any CPU.Build.0 = Release|Any CPU
		{780C07D3-496B-419E-9397-C93619AA0531}.Debug|Any CPU.ActiveCfg = Debug|Any CPU
		{780C07D3-496B-419E-9397-C93619AA0531}.Debug|Any CPU.Build.0 = Debug|Any CPU
		{780C07D3-496B-419E-9397-C93619AA0531}.Release|Any CPU.ActiveCfg = Release|Any CPU
		{780C07D3-496B-419E-9397-C93619AA0531}.Release|Any CPU.Build.0 = Release|Any CPU
	EndGlobalSection
	GlobalSection(SolutionProperties) = preSolution
		HideSolutionNode = FALSE
	EndGlobalSection
	GlobalSection(ExtensibilityGlobals) = postSolution
		SolutionGuid = {EFD61C9D-B86B-4512-BBB9-26C702336C3D}
	EndGlobalSection
EndGlobal
